
Microsoft Visual Studio Solution File, Format Version 12.00
# Visual Studio 15
VisualStudioVersion = 15.0.28307.572
MinimumVisualStudioVersion = 10.0.40219.1
Project("{8BC9CEB8-8B4A-11D0-8D11-00A0C91BC942}") = "DNSServiceDiscovery", "DNSServiceDiscovery\DNSServiceDiscovery.vcxproj", "{52B4CF6C-893B-4B8A-BDC3-422809D0A334}"
EndProject
Global
	GlobalSection(SolutionConfigurationPlatforms) = preSolution
		Debug|ARM = Debug|ARM
		Release|ARM = Release|ARM
	EndGlobalSection
	GlobalSection(ProjectConfigurationPlatforms) = postSolution
		{52B4CF6C-893B-4B8A-BDC3-422809D0A334}.Debug|ARM.ActiveCfg = Debug|ARM
		{52B4CF6C-893B-4B8A-BDC3-422809D0A334}.Debug|ARM.Build.0 = Debug|ARM
		{52B4CF6C-893B-4B8A-BDC3-422809D0A334}.Release|ARM.ActiveCfg = Release|ARM
		{52B4CF6C-893B-4B8A-BDC3-422809D0A334}.Release|ARM.Build.0 = Release|ARM
	EndGlobalSection
	GlobalSection(SolutionProperties) = preSolution
		HideSolutionNode = FALSE
	EndGlobalSection
	GlobalSection(ExtensibilityGlobals) = postSolution
		SolutionGuid = {98C9A3E9-2C0B-4B83-8093-123F2F7059FA}
	EndGlobalSection
EndGlobal
