
Microsoft Visual Studio Solution File, Format Version 12.00
# Visual Studio 15
VisualStudioVersion = 15.0.28010.2046
MinimumVisualStudioVersion = 10.0.40219.1
Project("{8BC9CEB8-8B4A-11D0-8D11-00A0C91BC942}") = "PrivateEthernet", "PrivateEthernet\PrivateEthernet.vcxproj", "{CECBB396-4D86-46C8-A788-E4DB773F820A}"
EndProject
Global
	GlobalSection(SolutionConfigurationPlatforms) = preSolution
		Debug|ARM = Debug|ARM
		Release|ARM = Release|ARM
	EndGlobalSection
	GlobalSection(ProjectConfigurationPlatforms) = postSolution
		{CECBB396-4D86-46C8-A788-E4DB773F820A}.Debug|ARM.ActiveCfg = Debug|ARM
		{CECBB396-4D86-46C8-A788-E4DB773F820A}.Debug|ARM.Build.0 = Debug|ARM
		{CECBB396-4D86-46C8-A788-E4DB773F820A}.Release|ARM.ActiveCfg = Release|ARM
		{CECBB396-4D86-46C8-A788-E4DB773F820A}.Release|ARM.Build.0 = Release|ARM
	EndGlobalSection
	GlobalSection(SolutionProperties) = preSolution
		HideSolutionNode = FALSE
	EndGlobalSection
	GlobalSection(ExtensibilityGlobals) = postSolution
		SolutionGuid = {C7397742-8E52-49C7-BCEF-3C1539952A4C}
	EndGlobalSection
EndGlobal
