
Microsoft Visual Studio Solution File, Format Version 12.00
# Visual Studio 15
VisualStudioVersion = 15.0.27703.2047
MinimumVisualStudioVersion = 10.0.40219.1
Project("{8BC9CEB8-8B4A-11D0-8D11-00A0C91BC942}") = "WifiSetupAndDeviceControlViaBle", "WifiSetupAndDeviceControlViaBle\WifiSetupAndDeviceControlViaBle.vcxproj", "{A7F40DAC-77CC-4CC4-8393-8E78FB13DCD8}"
EndProject
Global
	GlobalSection(SolutionConfigurationPlatforms) = preSolution
		Debug|ARM = Debug|ARM
		Release|ARM = Release|ARM
	EndGlobalSection
	GlobalSection(ProjectConfigurationPlatforms) = postSolution
		{A7F40DAC-77CC-4CC4-8393-8E78FB13DCD8}.Debug|ARM.ActiveCfg = Debug|ARM
		{A7F40DAC-77CC-4CC4-8393-8E78FB13DCD8}.Debug|ARM.Build.0 = Debug|ARM
		{A7F40DAC-77CC-4CC4-8393-8E78FB13DCD8}.Release|ARM.ActiveCfg = Release|ARM
		{A7F40DAC-77CC-4CC4-8393-8E78FB13DCD8}.Release|ARM.Build.0 = Release|ARM
	EndGlobalSection
	GlobalSection(SolutionProperties) = preSolution
		HideSolutionNode = FALSE
	EndGlobalSection
	GlobalSection(ExtensibilityGlobals) = postSolution
		SolutionGuid = {6D968ADA-7D35-4DF0-9B91-407EFA6E8808}
	EndGlobalSection
EndGlobal
