
Microsoft Visual Studio Solution File, Format Version 12.00
# Visual Studio 15
VisualStudioVersion = 15.0.28307.539
MinimumVisualStudioVersion = 10.0.40219.1
Project("{8BC9CEB8-8B4A-11D0-8D11-00A0C91BC942}") = "IntercoreComms_HighLevelApp", "IntercoreComms_HighLevelApp\IntercoreComms_HighLevelApp.vcxproj", "{0CB8EF1D-4241-462B-9259-182C2A388DAF}"
EndProject
Global
	GlobalSection(SolutionConfigurationPlatforms) = preSolution
		Debug|ARM = Debug|ARM
		Release|ARM = Release|ARM
	EndGlobalSection
	GlobalSection(ProjectConfigurationPlatforms) = postSolution
		{0CB8EF1D-4241-462B-9259-182C2A388DAF}.Debug|ARM.ActiveCfg = Debug|ARM
		{0CB8EF1D-4241-462B-9259-182C2A388DAF}.Debug|ARM.Build.0 = Debug|ARM
		{0CB8EF1D-4241-462B-9259-182C2A388DAF}.Release|ARM.ActiveCfg = Release|ARM
		{0CB8EF1D-4241-462B-9259-182C2A388DAF}.Release|ARM.Build.0 = Release|ARM
	EndGlobalSection
	GlobalSection(SolutionProperties) = preSolution
		HideSolutionNode = FALSE
	EndGlobalSection
	GlobalSection(ExtensibilityGlobals) = postSolution
		SolutionGuid = {83B5EEBA-9817-49A2-9117-CCDBDBB82241}
	EndGlobalSection
EndGlobal
