
Microsoft Visual Studio Solution File, Format Version 12.00
# Visual Studio 15
VisualStudioVersion = 15.0.28010.2003
MinimumVisualStudioVersion = 10.0.40219.1
Project("{8BC9CEB8-8B4A-11D0-8D11-00A0C91BC942}") = "SystemTime", "SystemTime\SystemTime.vcxproj", "{18514A35-2EE1-47C2-8CA8-84453568D5D9}"
EndProject
Global
	GlobalSection(SolutionConfigurationPlatforms) = preSolution
		Debug|ARM = Debug|ARM
		Release|ARM = Release|ARM
	EndGlobalSection
	GlobalSection(ProjectConfigurationPlatforms) = postSolution
		{18514A35-2EE1-47C2-8CA8-84453568D5D9}.Debug|ARM.ActiveCfg = Debug|ARM
		{18514A35-2EE1-47C2-8CA8-84453568D5D9}.Debug|ARM.Build.0 = Debug|ARM
		{18514A35-2EE1-47C2-8CA8-84453568D5D9}.Release|ARM.ActiveCfg = Release|ARM
		{18514A35-2EE1-47C2-8CA8-84453568D5D9}.Release|ARM.Build.0 = Release|ARM
	EndGlobalSection
	GlobalSection(SolutionProperties) = preSolution
		HideSolutionNode = FALSE
	EndGlobalSection
	GlobalSection(ExtensibilityGlobals) = postSolution
		SolutionGuid = {4697C84B-215C-4E9C-997A-37FE6EA69AA4}
	EndGlobalSection
EndGlobal
