
Microsoft Visual Studio Solution File, Format Version 12.00
# Visual Studio Version 16
VisualStudioVersion = 16.0.28922.388
MinimumVisualStudioVersion = 10.0.40219.1
Project("{8BC9CEB8-8B4A-11D0-8D11-00A0C91BC942}") = "PWM_HighLevelApp", "PWM_HighLevelApp\PWM_HighLevelApp.vcxproj", "{1D456B62-13DA-4FC2-98B1-88A1852DE590}"
EndProject
Global
	GlobalSection(SolutionConfigurationPlatforms) = preSolution
		Debug|ARM = Debug|ARM
		Release|ARM = Release|ARM
	EndGlobalSection
	GlobalSection(ProjectConfigurationPlatforms) = postSolution
		{1D456B62-13DA-4FC2-98B1-88A1852DE590}.Debug|ARM.ActiveCfg = Debug|ARM
		{1D456B62-13DA-4FC2-98B1-88A1852DE590}.Debug|ARM.Build.0 = Debug|ARM
		{1D456B62-13DA-4FC2-98B1-88A1852DE590}.Release|ARM.ActiveCfg = Release|ARM
		{1D456B62-13DA-4FC2-98B1-88A1852DE590}.Release|ARM.Build.0 = Release|ARM
	EndGlobalSection
	GlobalSection(SolutionProperties) = preSolution
		HideSolutionNode = FALSE
	EndGlobalSection
	GlobalSection(ExtensibilityGlobals) = postSolution
		SolutionGuid = {974459CB-2548-4276-AF99-E554F30C4604}
	EndGlobalSection
EndGlobal
